
Microsoft Visual Studio Solution File, Format Version 12.00
# Visual Studio Version 16
VisualStudioVersion = 16.0.28803.202
MinimumVisualStudioVersion = 10.0.40219.1
Project("{FAE04EC0-301F-11D3-BF4B-00C04F79EFBC}") = "SAR Overlay", "SAR Overlay.csproj", "{8898B054-56F2-4F2E-9998-98DC1FC20519}"
EndProject
Global
	GlobalSection(SolutionConfigurationPlatforms) = preSolution
		Debug|Any CPU = Debug|Any CPU
		Release|Any CPU = Release|Any CPU
	EndGlobalSection
	GlobalSection(ProjectConfigurationPlatforms) = postSolution
		{8898B054-56F2-4F2E-9998-98DC1FC20519}.Debug|Any CPU.ActiveCfg = Debug|Any CPU
		{8898B054-56F2-4F2E-9998-98DC1FC20519}.Debug|Any CPU.Build.0 = Debug|Any CPU
		{8898B054-56F2-4F2E-9998-98DC1FC20519}.Release|Any CPU.ActiveCfg = Release|Any CPU
		{8898B054-56F2-4F2E-9998-98DC1FC20519}.Release|Any CPU.Build.0 = Release|Any CPU
	EndGlobalSection
	GlobalSection(SolutionProperties) = preSolution
		HideSolutionNode = FALSE
	EndGlobalSection
	GlobalSection(ExtensibilityGlobals) = postSolution
		SolutionGuid = {2503998B-0302-4E75-A77B-0FF432C98205}
	EndGlobalSection
EndGlobal
